
Microsoft Visual Studio Solution File, Format Version 12.00
# Visual Studio Version 16
VisualStudioVersion = 16.0.31321.278
MinimumVisualStudioVersion = 10.0.40219.1
Project("{FAE04EC0-301F-11D3-BF4B-00C04F79EFBC}") = "01_Connected mode", "01_Connected mode\01_Connected mode.csproj", "{13DB1DD6-E6E4-48B2-A050-8AEE2DA9EBA4}"
EndProject
Project("{FAE04EC0-301F-11D3-BF4B-00C04F79EFBC}") = "02_Data_access", "02_Data_access\02_Data_access.csproj", "{26D0EEDE-5E4E-4B93-9A7A-8A67D460BE4E}"
EndProject
Project("{FAE04EC0-301F-11D3-BF4B-00C04F79EFBC}") = "04_LibSportShopDB", "04_LibSportShopDB\04_LibSportShopDB.csproj", "{269CAA24-7436-4326-A6CF-030814E16026}"
EndProject
Project("{9A19103F-16F7-4668-BE54-9A1E7A4F7556}") = "03_SportShopApp", "03_SportShopApp\03_SportShopApp.csproj", "{04EC7262-AA88-4EBB-ADE6-FA7918639474}"
EndProject
Project("{9A19103F-16F7-4668-BE54-9A1E7A4F7556}") = "LibAppSportShop", "LibAppSportShop\LibAppSportShop.csproj", "{5A36FE34-32D3-447B-A0E7-BA0F4CA5A089}"
EndProject
Project("{9A19103F-16F7-4668-BE54-9A1E7A4F7556}") = "05_DisconnectedMode", "05_DisconnectedMode\05_DisconnectedMode.csproj", "{348B7045-9751-4B17-9117-DCAE1C0A3C5B}"
EndProject
Project("{9A19103F-16F7-4668-BE54-9A1E7A4F7556}") = "06_EF - intro", "06_EF - intro\06_EF - intro.csproj", "{AD724B45-5B92-4DE1-8422-9B9EE6168201}"
EndProject
Project("{9A19103F-16F7-4668-BE54-9A1E7A4F7556}") = "07_fluent_api_seeder", "07_fluent_api_seeder\07_fluent_api_seeder.csproj", "{CF3B734F-73FE-4172-A87D-B5B9B946DA3E}"
EndProject
Project("{9A19103F-16F7-4668-BE54-9A1E7A4F7556}") = "08_Loading_types", "08_Loading_types\08_Loading_types.csproj", "{57599ED0-1484-4C4B-942B-9795D3FC925F}"
EndProject
Project("{FAE04EC0-301F-11D3-BF4B-00C04F79EFBC}") = "09_Dapper", "09_Dapper\09_Dapper.csproj", "{A1B26987-FEFC-46D0-9930-6920F554D821}"
EndProject
Project("{FAE04EC0-301F-11D3-BF4B-00C04F79EFBC}") = "00_Db_Airplane_", "00_Db_Airplane_\00_Db_Airplane_.csproj", "{F2C3885F-B89D-428F-8EE5-B2BF6B85F488}"
EndProject
Project("{FAE04EC0-301F-11D3-BF4B-00C04F79EFBC}") = "00_App_AirPlane", "00_App_AirPlane\00_App_AirPlane.csproj", "{7ABDDEF8-7D12-43D1-837D-EF37E49508F8}"
EndProject
Global
	GlobalSection(SolutionConfigurationPlatforms) = preSolution
		Debug|Any CPU = Debug|Any CPU
		Release|Any CPU = Release|Any CPU
	EndGlobalSection
	GlobalSection(ProjectConfigurationPlatforms) = postSolution
		{13DB1DD6-E6E4-48B2-A050-8AEE2DA9EBA4}.Debug|Any CPU.ActiveCfg = Debug|Any CPU
		{13DB1DD6-E6E4-48B2-A050-8AEE2DA9EBA4}.Debug|Any CPU.Build.0 = Debug|Any CPU
		{13DB1DD6-E6E4-48B2-A050-8AEE2DA9EBA4}.Release|Any CPU.ActiveCfg = Release|Any CPU
		{13DB1DD6-E6E4-48B2-A050-8AEE2DA9EBA4}.Release|Any CPU.Build.0 = Release|Any CPU
		{26D0EEDE-5E4E-4B93-9A7A-8A67D460BE4E}.Debug|Any CPU.ActiveCfg = Debug|Any CPU
		{26D0EEDE-5E4E-4B93-9A7A-8A67D460BE4E}.Debug|Any CPU.Build.0 = Debug|Any CPU
		{26D0EEDE-5E4E-4B93-9A7A-8A67D460BE4E}.Release|Any CPU.ActiveCfg = Release|Any CPU
		{26D0EEDE-5E4E-4B93-9A7A-8A67D460BE4E}.Release|Any CPU.Build.0 = Release|Any CPU
		{269CAA24-7436-4326-A6CF-030814E16026}.Debug|Any CPU.ActiveCfg = Debug|Any CPU
		{269CAA24-7436-4326-A6CF-030814E16026}.Debug|Any CPU.Build.0 = Debug|Any CPU
		{269CAA24-7436-4326-A6CF-030814E16026}.Release|Any CPU.ActiveCfg = Release|Any CPU
		{269CAA24-7436-4326-A6CF-030814E16026}.Release|Any CPU.Build.0 = Release|Any CPU
		{04EC7262-AA88-4EBB-ADE6-FA7918639474}.Debug|Any CPU.ActiveCfg = Debug|Any CPU
		{04EC7262-AA88-4EBB-ADE6-FA7918639474}.Debug|Any CPU.Build.0 = Debug|Any CPU
		{04EC7262-AA88-4EBB-ADE6-FA7918639474}.Release|Any CPU.ActiveCfg = Release|Any CPU
		{04EC7262-AA88-4EBB-ADE6-FA7918639474}.Release|Any CPU.Build.0 = Release|Any CPU
		{5A36FE34-32D3-447B-A0E7-BA0F4CA5A089}.Debug|Any CPU.ActiveCfg = Debug|Any CPU
		{5A36FE34-32D3-447B-A0E7-BA0F4CA5A089}.Debug|Any CPU.Build.0 = Debug|Any CPU
		{5A36FE34-32D3-447B-A0E7-BA0F4CA5A089}.Release|Any CPU.ActiveCfg = Release|Any CPU
		{5A36FE34-32D3-447B-A0E7-BA0F4CA5A089}.Release|Any CPU.Build.0 = Release|Any CPU
		{348B7045-9751-4B17-9117-DCAE1C0A3C5B}.Debug|Any CPU.ActiveCfg = Debug|Any CPU
		{348B7045-9751-4B17-9117-DCAE1C0A3C5B}.Debug|Any CPU.Build.0 = Debug|Any CPU
		{348B7045-9751-4B17-9117-DCAE1C0A3C5B}.Release|Any CPU.ActiveCfg = Release|Any CPU
		{348B7045-9751-4B17-9117-DCAE1C0A3C5B}.Release|Any CPU.Build.0 = Release|Any CPU
		{AD724B45-5B92-4DE1-8422-9B9EE6168201}.Debug|Any CPU.ActiveCfg = Debug|Any CPU
		{AD724B45-5B92-4DE1-8422-9B9EE6168201}.Debug|Any CPU.Build.0 = Debug|Any CPU
		{AD724B45-5B92-4DE1-8422-9B9EE6168201}.Release|Any CPU.ActiveCfg = Release|Any CPU
		{AD724B45-5B92-4DE1-8422-9B9EE6168201}.Release|Any CPU.Build.0 = Release|Any CPU
		{CF3B734F-73FE-4172-A87D-B5B9B946DA3E}.Debug|Any CPU.ActiveCfg = Debug|Any CPU
		{CF3B734F-73FE-4172-A87D-B5B9B946DA3E}.Debug|Any CPU.Build.0 = Debug|Any CPU
		{CF3B734F-73FE-4172-A87D-B5B9B946DA3E}.Release|Any CPU.ActiveCfg = Release|Any CPU
		{CF3B734F-73FE-4172-A87D-B5B9B946DA3E}.Release|Any CPU.Build.0 = Release|Any CPU
		{57599ED0-1484-4C4B-942B-9795D3FC925F}.Debug|Any CPU.ActiveCfg = Debug|Any CPU
		{57599ED0-1484-4C4B-942B-9795D3FC925F}.Debug|Any CPU.Build.0 = Debug|Any CPU
		{57599ED0-1484-4C4B-942B-9795D3FC925F}.Release|Any CPU.ActiveCfg = Release|Any CPU
		{57599ED0-1484-4C4B-942B-9795D3FC925F}.Release|Any CPU.Build.0 = Release|Any CPU
		{A1B26987-FEFC-46D0-9930-6920F554D821}.Debug|Any CPU.ActiveCfg = Debug|Any CPU
		{A1B26987-FEFC-46D0-9930-6920F554D821}.Debug|Any CPU.Build.0 = Debug|Any CPU
		{A1B26987-FEFC-46D0-9930-6920F554D821}.Release|Any CPU.ActiveCfg = Release|Any CPU
		{A1B26987-FEFC-46D0-9930-6920F554D821}.Release|Any CPU.Build.0 = Release|Any CPU
		{F2C3885F-B89D-428F-8EE5-B2BF6B85F488}.Debug|Any CPU.ActiveCfg = Debug|Any CPU
		{F2C3885F-B89D-428F-8EE5-B2BF6B85F488}.Debug|Any CPU.Build.0 = Debug|Any CPU
		{F2C3885F-B89D-428F-8EE5-B2BF6B85F488}.Release|Any CPU.ActiveCfg = Release|Any CPU
		{F2C3885F-B89D-428F-8EE5-B2BF6B85F488}.Release|Any CPU.Build.0 = Release|Any CPU
		{7ABDDEF8-7D12-43D1-837D-EF37E49508F8}.Debug|Any CPU.ActiveCfg = Debug|Any CPU
		{7ABDDEF8-7D12-43D1-837D-EF37E49508F8}.Debug|Any CPU.Build.0 = Debug|Any CPU
		{7ABDDEF8-7D12-43D1-837D-EF37E49508F8}.Release|Any CPU.ActiveCfg = Release|Any CPU
		{7ABDDEF8-7D12-43D1-837D-EF37E49508F8}.Release|Any CPU.Build.0 = Release|Any CPU
	EndGlobalSection
	GlobalSection(SolutionProperties) = preSolution
		HideSolutionNode = FALSE
	EndGlobalSection
	GlobalSection(ExtensibilityGlobals) = postSolution
		SolutionGuid = {8C407589-2545-404A-929C-FB438DF5732D}
	EndGlobalSection
EndGlobal
